# THIS IS AN AUTOGENERATED FILE. DO NOT EDIT THIS FILE DIRECTLY.
# yarn lockfile v1


"@aws-sdk/client-lambda@3.1111.0":
  version "3.1111.0"
  resolved "https://registry.yarnpkg.com/@aws-sdk/client-lambda/-/client-lambda-3.1111.0.tgz#8c6e1ff0424e5be390deac74ca5f34754e2a471d"
  integrity sha512-jG2rB6LY2rx3XT55axgH3C0aIv1egvI0kqPYC6jfghVp82kWssU7R/1dJxXr0PnPLv4wq+WXRyLEmjyKURUjFQ==
  dependencies:
    "@aws-sdk/core" "^3.977.8"
    "@aws-sdk/credential-provider-node" "^3.972.80"
    "@aws-sdk/types" "^3.974.4"
    "@smithy/core" "^3.31.1"
    "@smithy/fetch-http-handler" "^5.6.13"
    "@smithy/node-http-handler" "^4.9.13"
    "@smithy/types" "^4.16.1"
    tslib "^2.6.2"

"@aws-sdk/client-ssm@3.1111.0":
  version "3.1111.0"
  resolved "https://registry.yarnpkg.com/@aws-sdk/client-ssm/-/client-ssm-3.1111.0.tgz#4863ba3d4632bcc988927de6bd04e03cda7644be"
  integrity sha512-NhVyZL203unBVPi/oFQ48m0f5z/0M8nKM6nVEoOnX9/hfWXfa81rh5J1Tj4YoDuDjb5aTKyQZAtsbD48Dwiujw==
  dependencies:
    "@aws-sdk/core" "^3.977.8"
    "@aws-sdk/credential-provider-node" "^3.972.80"
    "@aws-sdk/types" "^3.974.4"
    "@smithy/core" "^3.31.1"
    "@smithy/fetch-http-handler" "^5.6.13"
    "@smithy/node-http-handler" "^4.9.13"
    "@smithy/types" "^4.16.1"
    tslib "^2.6.2"

"@aws-sdk/core@^3.977.8":
  version "3.977.8"
  resolved "https://registry.yarnpkg.com/@aws-sdk/core/-/core-3.977.8.tgz#b2860d6d6bd4b147dbf906c5e3c8155337742657"
  integrity sha512-7+Kcrkvrk9lM/m7jRhHpT4jCdvzGHsuaSRbF8TdzzkY1mRzp/Ogwf9c7H29k4gGhey0BBWhCWr16+t0J61gwmg==
  dependencies:
    "@aws-sdk/types" "^3.974.4"
    "@aws-sdk/xml-builder" "^3.972.39"
    "@aws/lambda-invoke-store" "^0.3.0"
    "@smithy/core" "^3.31.1"
    "@smithy/signature-v4" "^5.6.12"
    "@smithy/types" "^4.16.1"
    bowser "^2.11.0"
    tslib "^2.6.2"

"@aws-sdk/credential-provider-env@^3.972.69":
  version "3.972.69"
  resolved "https://registry.yarnpkg.com/@aws-sdk/credential-provider-env/-/credential-provider-env-3.972.69.tgz#9ef8e8e6abd048ae4c9bd8ea71fe8e79bcb48204"
  integrity sha512-AreCFzcB4kH2HF9031Ot0jSJr3KXvRg6e8uDeub20JEVdZU3Bv0sTq1plc7VsT3KiqutlzH7l0j50UcCWHUioA==
  dependencies:
    "@aws-sdk/core" "^3.977.8"
    "@aws-sdk/types" "^3.974.4"
    "@smithy/core" "^3.31.1"
    "@smithy/types" "^4.16.1"
    tslib "^2.6.2"

"@aws-sdk/credential-provider-http@^3.972.71":
  version "3.972.71"
  resolved "https://registry.yarnpkg.com/@aws-sdk/credential-provider-http/-/credential-provider-http-3.972.71.tgz#94f74f2e145df28b0b15849330b99f9c83c3f978"
  integrity sha512-A8ObcqVmDMnk4F9NozZ7JwmUu9Q4xyBJkmyq1C5U+wNM9ht9J7+EuuyabsLWXZnOoTqFaJuYBYTKf5CTipkEjA==
  dependencies:
    "@aws-sdk/core" "^3.977.8"
    "@aws-sdk/types" "^3.974.4"
    "@smithy/core" "^3.31.1"
    "@smithy/fetch-http-handler" "^5.6.13"
    "@smithy/node-http-handler" "^4.9.13"
    "@smithy/types" "^4.16.1"
    tslib "^2.6.2"

"@aws-sdk/credential-provider-ini@^3.973.14":
  version "3.973.14"
  resolved "https://registry.yarnpkg.com/@aws-sdk/credential-provider-ini/-/credential-provider-ini-3.973.14.tgz#650d856227a36fbfb954f8b93b89f747e8430dd4"
  integrity sha512-7c+Wti2LsERNWMfm7ySz3/6RPopFW3Nmn7s63Xpcq6R/tRuY5hpvkHA2xVgi5ukJbvok9l0IDtVEvqTtg+X7dw==
  dependencies:
    "@aws-sdk/core" "^3.977.8"
    "@aws-sdk/credential-provider-env" "^3.972.69"
    "@aws-sdk/credential-provider-http" "^3.972.71"
    "@aws-sdk/credential-provider-login" "^3.972.76"
    "@aws-sdk/credential-provider-process" "^3.972.69"
    "@aws-sdk/credential-provider-sso" "^3.973.13"
    "@aws-sdk/credential-provider-web-identity" "^3.972.75"
    "@aws-sdk/nested-clients" "^3.997.43"
    "@aws-sdk/types" "^3.974.4"
    "@smithy/core" "^3.31.1"
    "@smithy/credential-provider-imds" "^4.4.16"
    "@smithy/types" "^4.16.1"
    tslib "^2.6.2"

"@aws-sdk/credential-provider-login@^3.972.76":
  version "3.972.76"
  resolved "https://registry.yarnpkg.com/@aws-sdk/credential-provider-login/-/credential-provider-login-3.972.76.tgz#83dc4012f8d218c6867ecea389103c4ab78f4f7f"
  integrity sha512-LVixwOnEJfrrfKHeZjBA8pIMTZjNDq8ak8VpcoWUuCJDrSnBNU8POJksULMgvN089P0MXtQYH2Zs627/MK1K0g==
  dependencies:
    "@aws-sdk/core" "^3.977.8"
    "@aws-sdk/nested-clients" "^3.997.43"
    "@aws-sdk/types" "^3.974.4"
    "@smithy/core" "^3.31.1"
    "@smithy/types" "^4.16.1"
    tslib "^2.6.2"

"@aws-sdk/credential-provider-node@^3.972.80":
  version "3.972.80"
  resolved "https://registry.yarnpkg.com/@aws-sdk/credential-provider-node/-/credential-provider-node-3.972.80.tgz#1a3db0a35091468c5cd32d869f031fc6a2420d8e"
  integrity sha512-bE2qh8ww4iClO1jHsBXdOE8FUgzDbdxbyorNjSCoPSkQd51k3jODItuPZfuwcLHZqDXsH+bI4AMHhqtuyR7mSg==
  dependencies:
    "@aws-sdk/credential-provider-env" "^3.972.69"
    "@aws-sdk/credential-provider-http" "^3.972.71"
    "@aws-sdk/credential-provider-ini" "^3.973.14"
    "@aws-sdk/credential-provider-process" "^3.972.69"
    "@aws-sdk/credential-provider-sso" "^3.973.13"
    "@aws-sdk/credential-provider-web-identity" "^3.972.75"
    "@aws-sdk/types" "^3.974.4"
    "@smithy/core" "^3.31.1"
    "@smithy/credential-provider-imds" "^4.4.16"
    "@smithy/types" "^4.16.1"
    tslib "^2.6.2"

"@aws-sdk/credential-provider-process@^3.972.69":
  version "3.972.69"
  resolved "https://registry.yarnpkg.com/@aws-sdk/credential-provider-process/-/credential-provider-process-3.972.69.tgz#d97e64a37d25662913f6314562781a9c9e95516b"
  integrity sha512-9kpTNdZTrcqXTfhxM7fgl9Z68ek3Fu5oe3Yf+A/pJGibEqpgZxz2tSY7SinmyCIU2PJ+ygY4FPoBBnLpocMtrQ==
  dependencies:
    "@aws-sdk/core" "^3.977.8"
    "@aws-sdk/types" "^3.974.4"
    "@smithy/core" "^3.31.1"
    "@smithy/types" "^4.16.1"
    tslib "^2.6.2"

"@aws-sdk/credential-provider-sso@^3.973.13":
  version "3.973.13"
  resolved "https://registry.yarnpkg.com/@aws-sdk/credential-provider-sso/-/credential-provider-sso-3.973.13.tgz#005f76bf069e78089c79ec2c1b9d50a07eddabb3"
  integrity sha512-Oc81qauMPzUoTnAS2YKpNwY6sY/LUyQTEeaf6yP197WMxkEBQfcKLR1MFpD7+pNTubXnfkH6gwpji+Gc7iyD2Q==
  dependencies:
    "@aws-sdk/core" "^3.977.8"
    "@aws-sdk/nested-clients" "^3.997.43"
    "@aws-sdk/token-providers" "3.1111.0"
    "@aws-sdk/types" "^3.974.4"
    "@smithy/core" "^3.31.1"
    "@smithy/types" "^4.16.1"
    tslib "^2.6.2"

"@aws-sdk/credential-provider-web-identity@^3.972.75":
  version "3.972.75"
  resolved "https://registry.yarnpkg.com/@aws-sdk/credential-provider-web-identity/-/credential-provider-web-identity-3.972.75.tgz#c0a5980c55301aabfbf5f9938f2ba78444ee026e"
  integrity sha512-YPN6uoGDgjjjeVFZrcOeCJqmB6zpXoeeNgIjqe+DexJaWqdjVfCCe+VAZwli9Z2h8KhFW8oxkO39emQ1tyz/Mw==
  dependencies:
    "@aws-sdk/core" "^3.977.8"
    "@aws-sdk/nested-clients" "^3.997.43"
    "@aws-sdk/types" "^3.974.4"
    "@smithy/core" "^3.31.1"
    "@smithy/types" "^4.16.1"
    tslib "^2.6.2"

"@aws-sdk/nested-clients@^3.997.43":
  version "3.997.43"
  resolved "https://registry.yarnpkg.com/@aws-sdk/nested-clients/-/nested-clients-3.997.43.tgz#6fa60e5fad1e97267b2773f0750d37511f9d698a"
  integrity sha512-bit+VpqWNyi3wHxFoTsTliNXimCSL2r2OeDTm7ZrG+YsTZ2D7ofDJ6r/t9PVBn80i6/v0X2h9Tgw6QP2MAKfPw==
  dependencies:
    "@aws-sdk/core" "^3.977.8"
    "@aws-sdk/signature-v4-multi-region" "^3.996.45"
    "@aws-sdk/types" "^3.974.4"
    "@smithy/core" "^3.31.1"
    "@smithy/fetch-http-handler" "^5.6.13"
    "@smithy/node-http-handler" "^4.9.13"
    "@smithy/types" "^4.16.1"
    tslib "^2.6.2"

"@aws-sdk/signature-v4-multi-region@^3.996.45":
  version "3.996.45"
  resolved "https://registry.yarnpkg.com/@aws-sdk/signature-v4-multi-region/-/signature-v4-multi-region-3.996.45.tgz#7d8d1d2c769327b9b5c624ee577ea1248826af7a"
  integrity sha512-bBuyztukzXq6plzFGHAWiQt0QXo+HL8b8lX5cFTzkez/74PtS1c0qPFCIVuHkyoT+miH2qOjAcm1/yoro2ESPA==
  dependencies:
    "@aws-sdk/types" "^3.974.4"
    "@smithy/signature-v4" "^5.6.12"
    "@smithy/types" "^4.16.1"
    tslib "^2.6.2"

"@aws-sdk/token-providers@3.1111.0":
  version "3.1111.0"
  resolved "https://registry.yarnpkg.com/@aws-sdk/token-providers/-/token-providers-3.1111.0.tgz#0a91fe03ab928b32032d0d30c8a191eccb91b3a5"
  integrity sha512-JfljgoVtl+s3Qy21n9a7Z48uCQaOXcN74KJ3TEQfPoB293GrXFSt6HSQJF1sTZ8c/5QedEvd3NjJQMO4u9qa5A==
  dependencies:
    "@aws-sdk/core" "^3.977.8"
    "@aws-sdk/nested-clients" "^3.997.43"
    "@aws-sdk/types" "^3.974.4"
    "@smithy/core" "^3.31.1"
    "@smithy/types" "^4.16.1"
    tslib "^2.6.2"

"@aws-sdk/types@^3.974.4":
  version "3.974.4"
  resolved "https://registry.yarnpkg.com/@aws-sdk/types/-/types-3.974.4.tgz#c68582caa8568de90d106e4717f1559164b6949a"
  integrity sha512-dSFDNG00MEz0/xl5gxL62giLd1iYyJsTxZ1I1DOj6lC+bbgLB4TRsYClJg3b62dhXT1uATzsTNXPnC+33EJV3A==
  dependencies:
    "@smithy/types" "^4.16.1"
    tslib "^2.6.2"

"@aws-sdk/xml-builder@^3.972.39":
  version "3.972.39"
  resolved "https://registry.yarnpkg.com/@aws-sdk/xml-builder/-/xml-builder-3.972.39.tgz#d55108a214b60f1bf88429dc952cb4e9ba9e0632"
  integrity sha512-FTti8DS5MMWXNUWiRwXAJeYS+0GHHiMy0+7XOhcwk63ILHmfS2UFy2z/HNpZCSOJJ3P3dnWY6hfYNW3DF0nXUA==
  dependencies:
    "@smithy/types" "^4.16.1"
    tslib "^2.6.2"

"@aws/lambda-invoke-store@^0.3.0":
  version "0.3.0"
  resolved "https://registry.yarnpkg.com/@aws/lambda-invoke-store/-/lambda-invoke-store-0.3.0.tgz#708802d987f8e17bdf4af4de1031660ce1cdd65f"
  integrity sha512-sl4Bm6yiMNYrZKkqqDFWN0UfnWhlS8ivKxrYl+6t0gCLrqr8y3B2IqZZbFRkfaVVp7C/baApyh71P+LeE1A2sQ==

"@smithy/core@^3.31.1", "@smithy/core@^3.32.0", "@smithy/core@^3.33.0":
  version "3.33.0"
  resolved "https://registry.yarnpkg.com/@smithy/core/-/core-3.33.0.tgz#b2010aa95a5f82d5f8b9734040eb7bca634ee6ce"
  integrity sha512-uKbkxgqLyepQDZoq8aRSdUqD1ID//rOqG96ixBhp++O7vBtmwYM6fwldGhr9HJP0iYrdc7GP/AlgzPWEZIrNRg==
  dependencies:
    "@smithy/types" "^4.17.0"
    tslib "^2.6.2"

"@smithy/credential-provider-imds@^4.4.16":
  version "4.5.0"
  resolved "https://registry.yarnpkg.com/@smithy/credential-provider-imds/-/credential-provider-imds-4.5.0.tgz#8ca70d4289a8dae9206b72670ffb31ab5e73d108"
  integrity sha512-2jsPi+7Zv2hSzD9IXR9D7DTqSn7mv4XalzRm+bESh53jiaUS3NKEUbpQFTJP0HhQy9qzZvluxQ3yS24zdRrqsA==
  dependencies:
    "@smithy/core" "^3.32.0"
    "@smithy/types" "^4.17.0"
    tslib "^2.6.2"

"@smithy/fetch-http-handler@^5.6.13":
  version "5.7.0"
  resolved "https://registry.yarnpkg.com/@smithy/fetch-http-handler/-/fetch-http-handler-5.7.0.tgz#d5bfe197b1fe6b20bb2e6ce1e8368349f369f441"
  integrity sha512-W/exA8T0LEzCQtJ02w4IzaEQPIspgarqZprb7W8FwnYiDowgCrjl2fTQ6FvuSSUnJORuepBF81abmBJwqh+0XQ==
  dependencies:
    "@smithy/core" "^3.32.0"
    "@smithy/types" "^4.17.0"
    tslib "^2.6.2"

"@smithy/node-http-handler@^4.9.13":
  version "4.11.0"
  resolved "https://registry.yarnpkg.com/@smithy/node-http-handler/-/node-http-handler-4.11.0.tgz#2b6d74e54dfa30dd9e3fcd498e3f45f95caa38e4"
  integrity sha512-ssHIZsadPUA3lGdnoByxfnjtb9xPYQLvdfJRLKIwxOoa6tO1suG4sLFSsgd7D/CsvYd8QbBIuKTImuJha5l6aQ==
  dependencies:
    "@smithy/core" "^3.33.0"
    "@smithy/types" "^4.17.0"
    tslib "^2.6.2"

"@smithy/signature-v4@^5.6.12":
  version "5.7.0"
  resolved "https://registry.yarnpkg.com/@smithy/signature-v4/-/signature-v4-5.7.0.tgz#611a1da9d9b1e22c9d814563de58536172e1a197"
  integrity sha512-hCynhm22wMJ8wTF9crcwu8mxggtUrSLLJgDcGUvYFBqpofxycYJCGKOMYg4xtPPFtgNiDJSYmhsWLTrcU/g59Q==
  dependencies:
    "@smithy/core" "^3.32.0"
    "@smithy/types" "^4.17.0"
    tslib "^2.6.2"

"@smithy/types@^4.16.1", "@smithy/types@^4.17.0":
  version "4.17.0"
  resolved "https://registry.yarnpkg.com/@smithy/types/-/types-4.17.0.tgz#038b1522f69201ae6b616697b16074ac50989b7f"
  integrity sha512-Aw4joiM0ZdErpo39lCj8phT2lxoiKZV+KZzBxnnQhWVtU2Is/WffQSL04uUWRcXUse9Ln8vXZK6V/FwqRVnQpg==
  dependencies:
    tslib "^2.6.2"

"@types/node@^22.10.2":
  version "22.20.1"
  resolved "https://registry.yarnpkg.com/@types/node/-/node-22.20.1.tgz#84e7cdf63cdaa20c134aa317ccc901aa21e16f0e"
  integrity sha512-EANqOCF9QFyra+4pfxUcX9STKJpCLjMbObVzljIJomAWSnuSIEAvyzEU53GaajbXJEgdh0iEcPL+DGvpUd4k1Q==
  dependencies:
    undici-types "~6.21.0"

bowser@^2.11.0:
  version "2.11.0"
  resolved "https://registry.yarnpkg.com/bowser/-/bowser-2.11.0.tgz#5ca3c35757a7aa5771500c70a73a9f91ef420a8f"
  integrity sha512-AlcaJBi/pqqJBIQ8U9Mcpc9i8Aqxn88Skv5d+xBX006BY5u8N3mGLHa5Lgppa7L/HfwgwLgZ6NYs+Ag6uUmJRA==

tslib@^2.6.2:
  version "2.8.1"
  resolved "https://registry.yarnpkg.com/tslib/-/tslib-2.8.1.tgz#612efe4ed235d567e8aba5f2a5fab70280ade83f"
  integrity sha512-oJFu94HQb+KVduSUQL7wnpmqnfmLsOA/nAh6b6EH0wCEoK0/mPeXU6c3wKDV83MkOuHPRHtSXKKU99IBazS/2w==

typescript@~5.4.5:
  version "5.4.5"
  resolved "https://registry.yarnpkg.com/typescript/-/typescript-5.4.5.tgz#42ccef2c571fdbd0f6718b1d1f5e6e5ef006f611"
  integrity sha512-vcI4UpRgg81oIRUFwR0WSIHKt11nJ7SAVlYNIu+QpqeyXP+gpQJy/Z4+F0aGxSE4MqwjyXvW/TzgkLAx2AGHwQ==

undici-types@~6.21.0:
  version "6.21.0"
  resolved "https://registry.yarnpkg.com/undici-types/-/undici-types-6.21.0.tgz#691d00af3909be93a7faa13be61b3a5b50ef12cb"
  integrity sha512-iwDZqg0QAGrg9Rav5H4n0M64c3mkR59cJ6wQp+7C4nI0gsmExaedaYLNO44eT4AtBBwjbTiGPMlt2Md0T9H9JQ==
